// !$*UTF8*$!
{
	archiveVersion = 1;
	classes = {
	};
	objectVersion = 56;
	objects = {

/* Begin PBXBuildFile section */
		22C70A5D2B55A72800495F4F /* FirstSwiftApp.swift in Sources */ = {isa = PBXBuildFile; fileRef = 22C70A5C2B55A72800495F4F /* FirstSwiftApp.swift */; };
		22C70A5F2B55A72800495F4F /* ContentView.swift in Sources */ = {isa = PBXBuildFile; fileRef = 22C70A5E2B55A72800495F4F /* ContentView.swift */; };
		22C70A612B55A72900495F4F /* Assets.xcassets in Resources */ = {isa = PBXBuildFile; fileRef = 22C70A602B55A72900495F4F /* Assets.xcassets */; };
		22C70A652B55A72900495F4F /* Preview Assets.xcassets in Resources */ = {isa = PBXBuildFile; fileRef = 22C70A642B55A72900495F4F /* Preview Assets.xcassets */; };
		22C70A6F2B55A72900495F4F /* FirstSwiftTests.swift in Sources */ = {isa = PBXBuildFile; fileRef = 22C70A6E2B55A72900495F4F /* FirstSwiftTests.swift */; };
		22C70A792B55A72900495F4F /* FirstSwiftUITests.swift in Sources */ = {isa = PBXBuildFile; fileRef = 22C70A782B55A72900495F4F /* FirstSwiftUITests.swift */; };
		22C70A7B2B55A72900495F4F /* FirstSwiftUITestsLaunchTests.swift in Sources */ = {isa = PBXBuildFile; fileRef = 22C70A7A2B55A72900495F4F /* FirstSwiftUITestsLaunchTests.swift */; };
		22E767592B5D8D7B002231C9 /* ImageDetail.swift in Sources */ = {isa = PBXBuildFile; fileRef = 22E767582B5D8D7B002231C9 /* ImageDetail.swift */; };
/* End PBXBuildFile section */

/* Begin PBXContainerItemProxy section */
		22C70A6B2B55A72900495F4F /* PBXContainerItemProxy */ = {
			isa = PBXContainerItemProxy;
			containerPortal = 22C70A512B55A72800495F4F /* Project object */;
			proxyType = 1;
			remoteGlobalIDString = 22C70A582B55A72800495F4F;
			remoteInfo = FirstSwift;
		};
		22C70A752B55A72900495F4F /* PBXContainerItemProxy */ = {
			isa = PBXContainerItemProxy;
			containerPortal = 22C70A512B55A72800495F4F /* Project object */;
			proxyType = 1;
			remoteGlobalIDString = 22C70A582B55A72800495F4F;
			remoteInfo = FirstSwift;
		};
/* End PBXContainerItemProxy section */

/* Begin PBXFileReference section */
		22C70A592B55A72800495F4F /* FirstSwift.app */ = {isa = PBXFileReference; explicitFileType = wrapper.application; includeInIndex = 0; path = FirstSwift.app; sourceTree = BUILT_PRODUCTS_DIR; };
		22C70A5C2B55A72800495F4F /* FirstSwiftApp.swift */ = {isa = PBXFileReference; lastKnownFileType = sourcecode.swift; path = FirstSwiftApp.swift; sourceTree = "<group>"; };
		22C70A5E2B55A72800495F4F /* ContentView.swift */ = {isa = PBXFileReference; lastKnownFileType = sourcecode.swift; path = ContentView.swift; sourceTree = "<group>"; };
		22C70A602B55A72900495F4F /* Assets.xcassets */ = {isa = PBXFileReference; lastKnownFileType = folder.assetcatalog; path = Assets.xcassets; sourceTree = "<group>"; };
		22C70A622B55A72900495F4F /* FirstSwift.entitlements */ = {isa = PBXFileReference; lastKnownFileType = text.plist.entitlements; path = FirstSwift.entitlements; sourceTree = "<group>"; };
		22C70A642B55A72900495F4F /* Preview Assets.xcassets */ = {isa = PBXFileReference; lastKnownFileType = folder.assetcatalog; path = "Preview Assets.xcassets"; sourceTree = "<group>"; };
		22C70A6A2B55A72900495F4F /* FirstSwiftTests.xctest */ = {isa = PBXFileReference; explicitFileType = wrapper.cfbundle; includeInIndex = 0; path = FirstSwiftTests.xctest; sourceTree = BUILT_PRODUCTS_DIR; };
		22C70A6E2B55A72900495F4F /* FirstSwiftTests.swift */ = {isa = PBXFileReference; lastKnownFileType = sourcecode.swift; path = FirstSwiftTests.swift; sourceTree = "<group>"; };
		22C70A742B55A72900495F4F /* FirstSwiftUITests.xctest */ = {isa = PBXFileReference; explicitFileType = wrapper.cfbundle; includeInIndex = 0; path = FirstSwiftUITests.xctest; sourceTree = BUILT_PRODUCTS_DIR; };
		22C70A782B55A72900495F4F /* FirstSwiftUITests.swift */ = {isa = PBXFileReference; lastKnownFileType = sourcecode.swift; path = FirstSwiftUITests.swift; sourceTree = "<group>"; };
		22C70A7A2B55A72900495F4F /* FirstSwiftUITestsLaunchTests.swift */ = {isa = PBXFileReference; lastKnownFileType = sourcecode.swift; path = FirstSwiftUITestsLaunchTests.swift; sourceTree = "<group>"; };
		22E767582B5D8D7B002231C9 /* ImageDetail.swift */ = {isa = PBXFileReference; lastKnownFileType = sourcecode.swift; path = ImageDetail.swift; sourceTree = "<group>"; };
/* End PBXFileReference section */

/* Begin PBXFrameworksBuildPhase section */
		22C70A562B55A72800495F4F /* Frameworks */ = {
			isa = PBXFrameworksBuildPhase;
			buildActionMask = 2147483647;
			files = (
			);
			runOnlyForDeploymentPostprocessing = 0;
		};
		22C70A672B55A72900495F4F /* Frameworks */ = {
			isa = PBXFrameworksBuildPhase;
			buildActionMask = 2147483647;
			files = (
			);
			runOnlyForDeploymentPostprocessing = 0;
		};
		22C70A712B55A72900495F4F /* Frameworks */ = {
			isa = PBXFrameworksBuildPhase;
			buildActionMask = 2147483647;
			files = (
			);
			runOnlyForDeploymentPostprocessing = 0;
		};
/* End PBXFrameworksBuildPhase section */

/* Begin PBXGroup section */
		22C70A502B55A72800495F4F = {
			isa = PBXGroup;
			children = (
				22C70A5B2B55A72800495F4F /* FirstSwift */,
				22C70A6D2B55A72900495F4F /* FirstSwiftTests */,
				22C70A772B55A72900495F4F /* FirstSwiftUITests */,
				22C70A5A2B55A72800495F4F /* Products */,
			);
			sourceTree = "<group>";
		};
		22C70A5A2B55A72800495F4F /* Products */ = {
			isa = PBXGroup;
			children = (
				22C70A592B55A72800495F4F /* FirstSwift.app */,
				22C70A6A2B55A72900495F4F /* FirstSwiftTests.xctest */,
				22C70A742B55A72900495F4F /* FirstSwiftUITests.xctest */,
			);
			name = Products;
			sourceTree = "<group>";
		};
		22C70A5B2B55A72800495F4F /* FirstSwift */ = {
			isa = PBXGroup;
			children = (
				22C70A5E2B55A72800495F4F /* ContentView.swift */,
				22C70A602B55A72900495F4F /* Assets.xcassets */,
				22C70A5C2B55A72800495F4F /* FirstSwiftApp.swift */,
				22C70A622B55A72900495F4F /* FirstSwift.entitlements */,
				22C70A632B55A72900495F4F /* Preview Content */,
				22E767582B5D8D7B002231C9 /* ImageDetail.swift */,
			);
			path = FirstSwift;
			sourceTree = "<group>";
		};
		22C70A632B55A72900495F4F /* Preview Content */ = {
			isa = PBXGroup;
			children = (
				22C70A642B55A72900495F4F /* Preview Assets.xcassets */,
			);
			path = "Preview Content";
			sourceTree = "<group>";
		};
		22C70A6D2B55A72900495F4F /* FirstSwiftTests */ = {
			isa = PBXGroup;
			children = (
				22C70A6E2B55A72900495F4F /* FirstSwiftTests.swift */,
			);
			path = FirstSwiftTests;
			sourceTree = "<group>";
		};
		22C70A772B55A72900495F4F /* FirstSwiftUITests */ = {
			isa = PBXGroup;
			children = (
				22C70A782B55A72900495F4F /* FirstSwiftUITests.swift */,
				22C70A7A2B55A72900495F4F /* FirstSwiftUITestsLaunchTests.swift */,
			);
			path = FirstSwiftUITests;
			sourceTree = "<group>";
		};
/* End PBXGroup section */

/* Begin PBXNativeTarget section */
		22C70A582B55A72800495F4F /* FirstSwift */ = {
			isa = PBXNativeTarget;
			buildConfigurationList = 22C70A7E2B55A72900495F4F /* Build configuration list for PBXNativeTarget "FirstSwift" */;
			buildPhases = (
				22C70A552B55A72800495F4F /* Sources */,
				22C70A562B55A72800495F4F /* Frameworks */,
				22C70A572B55A72800495F4F /* Resources */,
			);
			buildRules = (
			);
			dependencies = (
			);
			name = FirstSwift;
			productName = FirstSwift;
			productReference = 22C70A592B55A72800495F4F /* FirstSwift.app */;
			productType = "com.apple.product-type.application";
		};
		22C70A692B55A72900495F4F /* FirstSwiftTests */ = {
			isa = PBXNativeTarget;
			buildConfigurationList = 22C70A812B55A72900495F4F /* Build configuration list for PBXNativeTarget "FirstSwiftTests" */;
			buildPhases = (
				22C70A662B55A72900495F4F /* Sources */,
				22C70A672B55A72900495F4F /* Frameworks */,
				22C70A682B55A72900495F4F /* Resources */,
			);
			buildRules = (
			);
			dependencies = (
				22C70A6C2B55A72900495F4F /* PBXTargetDependency */,
			);
			name = FirstSwiftTests;
			productName = FirstSwiftTests;
			productReference = 22C70A6A2B55A72900495F4F /* FirstSwiftTests.xctest */;
			productType = "com.apple.product-type.bundle.unit-test";
		};
		22C70A732B55A72900495F4F /* FirstSwiftUITests */ = {
			isa = PBXNativeTarget;
			buildConfigurationList = 22C70A842B55A72900495F4F /* Build configuration list for PBXNativeTarget "FirstSwiftUITests" */;
			buildPhases = (
				22C70A702B55A72900495F4F /* Sources */,
				22C70A712B55A72900495F4F /* Frameworks */,
				22C70A722B55A72900495F4F /* Resources */,
			);
			buildRules = (
			);
			dependencies = (
				22C70A762B55A72900495F4F /* PBXTargetDependency */,
			);
			name = FirstSwiftUITests;
			productName = FirstSwiftUITests;
			productReference = 22C70A742B55A72900495F4F /* FirstSwiftUITests.xctest */;
			productType = "com.apple.product-type.bundle.ui-testing";
		};
/* End PBXNativeTarget section */

/* Begin PBXProject section */
		22C70A512B55A72800495F4F /* Project object */ = {
			isa = PBXProject;
			attributes = {
				BuildIndependentTargetsInParallel = 1;
				LastSwiftUpdateCheck = 1510;
				LastUpgradeCheck = 1510;
				TargetAttributes = {
					22C70A582B55A72800495F4F = {
						CreatedOnToolsVersion = 15.1;
					};
					22C70A692B55A72900495F4F = {
						CreatedOnToolsVersion = 15.1;
						TestTargetID = 22C70A582B55A72800495F4F;
					};
					22C70A732B55A72900495F4F = {
						CreatedOnToolsVersion = 15.1;
						TestTargetID = 22C70A582B55A72800495F4F;
					};
				};
			};
			buildConfigurationList = 22C70A542B55A72800495F4F /* Build configuration list for PBXProject "FirstSwift" */;
			compatibilityVersion = "Xcode 14.0";
			developmentRegion = en;
			hasScannedForEncodings = 0;
			knownRegions = (
				en,
				Base,
			);
			mainGroup = 22C70A502B55A72800495F4F;
			productRefGroup = 22C70A5A2B55A72800495F4F /* Products */;
			projectDirPath = "";
			projectRoot = "";
			targets = (
				22C70A582B55A72800495F4F /* FirstSwift */,
				22C70A692B55A72900495F4F /* FirstSwiftTests */,
				22C70A732B55A72900495F4F /* FirstSwiftUITests */,
			);
		};
/* End PBXProject section */

/* Begin PBXResourcesBuildPhase section */
		22C70A572B55A72800495F4F /* Resources */ = {
			isa = PBXResourcesBuildPhase;
			buildActionMask = 2147483647;
			files = (
				22C70A652B55A72900495F4F /* Preview Assets.xcassets in Resources */,
				22C70A612B55A72900495F4F /* Assets.xcassets in Resources */,
			);
			runOnlyForDeploymentPostprocessing = 0;
		};
		22C70A682B55A72900495F4F /* Resources */ = {
			isa = PBXResourcesBuildPhase;
			buildActionMask = 2147483647;
			files = (
			);
			runOnlyForDeploymentPostprocessing = 0;
		};
		22C70A722B55A72900495F4F /* Resources */ = {
			isa = PBXResourcesBuildPhase;
			buildActionMask = 2147483647;
			files = (
			);
			runOnlyForDeploymentPostprocessing = 0;
		};
/* End PBXResourcesBuildPhase section */

/* Begin PBXSourcesBuildPhase section */
		22C70A552B55A72800495F4F /* Sources */ = {
			isa = PBXSourcesBuildPhase;
			buildActionMask = 2147483647;
			files = (
				22E767592B5D8D7B002231C9 /* ImageDetail.swift in Sources */,
				22C70A5F2B55A72800495F4F /* ContentView.swift in Sources */,
				22C70A5D2B55A72800495F4F /* FirstSwiftApp.swift in Sources */,
			);
			runOnlyForDeploymentPostprocessing = 0;
		};
		22C70A662B55A72900495F4F /* Sources */ = {
			isa = PBXSourcesBuildPhase;
			buildActionMask = 2147483647;
			files = (
				22C70A6F2B55A72900495F4F /* FirstSwiftTests.swift in Sources */,
			);
			runOnlyForDeploymentPostprocessing = 0;
		};
		22C70A702B55A72900495F4F /* Sources */ = {
			isa = PBXSourcesBuildPhase;
			buildActionMask = 2147483647;
			files = (
				22C70A792B55A72900495F4F /* FirstSwiftUITests.swift in Sources */,
				22C70A7B2B55A72900495F4F /* FirstSwiftUITestsLaunchTests.swift in Sources */,
			);
			runOnlyForDeploymentPostprocessing = 0;
		};
/* End PBXSourcesBuildPhase section */

/* Begin PBXTargetDependency section */
		22C70A6C2B55A72900495F4F /* PBXTargetDependency */ = {
			isa = PBXTargetDependency;
			target = 22C70A582B55A72800495F4F /* FirstSwift */;
			targetProxy = 22C70A6B2B55A72900495F4F /* PBXContainerItemProxy */;
		};
		22C70A762B55A72900495F4F /* PBXTargetDependency */ = {
			isa = PBXTargetDependency;
			target = 22C70A582B55A72800495F4F /* FirstSwift */;
			targetProxy = 22C70A752B55A72900495F4F /* PBXContainerItemProxy */;
		};
/* End PBXTargetDependency section */

/* Begin XCBuildConfiguration section */
		22C70A7C2B55A72900495F4F /* Debug */ = {
			isa = XCBuildConfiguration;
			buildSettings = {
				ALWAYS_SEARCH_USER_PATHS = NO;
				ASSETCATALOG_COMPILER_GENERATE_SWIFT_ASSET_SYMBOL_EXTENSIONS = YES;
				CLANG_ANALYZER_NONNULL = YES;
				CLANG_ANALYZER_NUMBER_OBJECT_CONVERSION = YES_AGGRESSIVE;
				CLANG_CXX_LANGUAGE_STANDARD = "gnu++20";
				CLANG_ENABLE_MODULES = YES;
				CLANG_ENABLE_OBJC_ARC = YES;
				CLANG_ENABLE_OBJC_WEAK = YES;
				CLANG_WARN_BLOCK_CAPTURE_AUTORELEASING = YES;
				CLANG_WARN_BOOL_CONVERSION = YES;
				CLANG_WARN_COMMA = YES;
				CLANG_WARN_CONSTANT_CONVERSION = YES;
				CLANG_WARN_DEPRECATED_OBJC_IMPLEMENTATIONS = YES;
				CLANG_WARN_DIRECT_OBJC_ISA_USAGE = YES_ERROR;
				CLANG_WARN_DOCUMENTATION_COMMENTS = YES;
				CLANG_WARN_EMPTY_BODY = YES;
				CLANG_WARN_ENUM_CONVERSION = YES;
				CLANG_WARN_INFINITE_RECURSION = YES;
				CLANG_WARN_INT_CONVERSION = YES;
				CLANG_WARN_NON_LITERAL_NULL_CONVERSION = YES;
				CLANG_WARN_OBJC_IMPLICIT_RETAIN_SELF = YES;
				CLANG_WARN_OBJC_LITERAL_CONVERSION = YES;
				CLANG_WARN_OBJC_ROOT_CLASS = YES_ERROR;
				CLANG_WARN_QUOTED_INCLUDE_IN_FRAMEWORK_HEADER = YES;
				CLANG_WARN_RANGE_LOOP_ANALYSIS = YES;
				CLANG_WARN_STRICT_PROTOTYPES = YES;
				CLANG_WARN_SUSPICIOUS_MOVE = YES;
				CLANG_WARN_UNGUARDED_AVAILABILITY = YES_AGGRESSIVE;
				CLANG_WARN_UNREACHABLE_CODE = YES;
				CLANG_WARN__DUPLICATE_METHOD_MATCH = YES;
				COPY_PHASE_STRIP = NO;
				DEBUG_INFORMATION_FORMAT = dwarf;
				ENABLE_STRICT_OBJC_MSGSEND = YES;
				ENABLE_TESTABILITY = YES;
				ENABLE_USER_SCRIPT_SANDBOXING = YES;
				GCC_C_LANGUAGE_STANDARD = gnu17;
				GCC_DYNAMIC_NO_PIC = NO;
				GCC_NO_COMMON_BLOCKS = YES;
				GCC_OPTIMIZATION_LEVEL = 0;
				GCC_PREPROCESSOR_DEFINITIONS = (
					"DEBUG=1",
					"$(inherited)",
				);
				GCC_WARN_64_TO_32_BIT_CONVERSION = YES;
				GCC_WARN_ABOUT_RETURN_TYPE = YES_ERROR;
				GCC_WARN_UNDECLARED_SELECTOR = YES;
				GCC_WARN_UNINITIALIZED_AUTOS = YES_AGGRESSIVE;
				GCC_WARN_UNUSED_FUNCTION = YES;
				GCC_WARN_UNUSED_VARIABLE = YES;
				LOCALIZATION_PREFERS_STRING_CATALOGS = YES;
				MTL_ENABLE_DEBUG_INFO = INCLUDE_SOURCE;
				MTL_FAST_MATH = YES;
				ONLY_ACTIVE_ARCH = YES;
				SWIFT_ACTIVE_COMPILATION_CONDITIONS = "DEBUG $(inherited)";
				SWIFT_OPTIMIZATION_LEVEL = "-Onone";
			};
			name = Debug;
		};
		22C70A7D2B55A72900495F4F /* Release */ = {
			isa = XCBuildConfiguration;
			buildSettings = {
				ALWAYS_SEARCH_USER_PATHS = NO;
				ASSETCATALOG_COMPILER_GENERATE_SWIFT_ASSET_SYMBOL_EXTENSIONS = YES;
				CLANG_ANALYZER_NONNULL = YES;
				CLANG_ANALYZER_NUMBER_OBJECT_CONVERSION = YES_AGGRESSIVE;
				CLANG_CXX_LANGUAGE_STANDARD = "gnu++20";
				CLANG_ENABLE_MODULES = YES;
				CLANG_ENABLE_OBJC_ARC = YES;
				CLANG_ENABLE_OBJC_WEAK = YES;
				CLANG_WARN_BLOCK_CAPTURE_AUTORELEASING = YES;
				CLANG_WARN_BOOL_CONVERSION = YES;
				CLANG_WARN_COMMA = YES;
				CLANG_WARN_CONSTANT_CONVERSION = YES;
				CLANG_WARN_DEPRECATED_OBJC_IMPLEMENTATIONS = YES;
				CLANG_WARN_DIRECT_OBJC_ISA_USAGE = YES_ERROR;
				CLANG_WARN_DOCUMENTATION_COMMENTS = YES;
				CLANG_WARN_EMPTY_BODY = YES;
				CLANG_WARN_ENUM_CONVERSION = YES;
				CLANG_WARN_INFINITE_RECURSION = YES;
				CLANG_WARN_INT_CONVERSION = YES;
				CLANG_WARN_NON_LITERAL_NULL_CONVERSION = YES;
				CLANG_WARN_OBJC_IMPLICIT_RETAIN_SELF = YES;
				CLANG_WARN_OBJC_LITERAL_CONVERSION = YES;
				CLANG_WARN_OBJC_ROOT_CLASS = YES_ERROR;
				CLANG_WARN_QUOTED_INCLUDE_IN_FRAMEWORK_HEADER = YES;
				CLANG_WARN_RANGE_LOOP_ANALYSIS = YES;
				CLANG_WARN_STRICT_PROTOTYPES = YES;
				CLANG_WARN_SUSPICIOUS_MOVE = YES;
				CLANG_WARN_UNGUARDED_AVAILABILITY = YES_AGGRESSIVE;
				CLANG_WARN_UNREACHABLE_CODE = YES;
				CLANG_WARN__DUPLICATE_METHOD_MATCH = YES;
				COPY_PHASE_STRIP = NO;
				DEBUG_INFORMATION_FORMAT = "dwarf-with-dsym";
				ENABLE_NS_ASSERTIONS = NO;
				ENABLE_STRICT_OBJC_MSGSEND = YES;
				ENABLE_USER_SCRIPT_SANDBOXING = YES;
				GCC_C_LANGUAGE_STANDARD = gnu17;
				GCC_NO_COMMON_BLOCKS = YES;
				GCC_WARN_64_TO_32_BIT_CONVERSION = YES;
				GCC_WARN_ABOUT_RETURN_TYPE = YES_ERROR;
				GCC_WARN_UNDECLARED_SELECTOR = YES;
				GCC_WARN_UNINITIALIZED_AUTOS = YES_AGGRESSIVE;
				GCC_WARN_UNUSED_FUNCTION = YES;
				GCC_WARN_UNUSED_VARIABLE = YES;
				LOCALIZATION_PREFERS_STRING_CATALOGS = YES;
				MTL_ENABLE_DEBUG_INFO = NO;
				MTL_FAST_MATH = YES;
				SWIFT_COMPILATION_MODE = wholemodule;
			};
			name = Release;
		};
		22C70A7F2B55A72900495F4F /* Debug */ = {
			isa = XCBuildConfiguration;
			buildSettings = {
				ASSETCATALOG_COMPILER_APPICON_NAME = AppIcon;
				ASSETCATALOG_COMPILER_GLOBAL_ACCENT_COLOR_NAME = AccentColor;
				CODE_SIGN_ENTITLEMENTS = FirstSwift/FirstSwift.entitlements;
				CODE_SIGN_STYLE = Automatic;
				CURRENT_PROJECT_VERSION = 1;
				DEVELOPMENT_ASSET_PATHS = "\"FirstSwift/Preview Content\"";
				ENABLE_PREVIEWS = YES;
				GENERATE_INFOPLIST_FILE = YES;
				"INFOPLIST_KEY_UIApplicationSceneManifest_Generation[sdk=iphoneos*]" = YES;
				"INFOPLIST_KEY_UIApplicationSceneManifest_Generation[sdk=iphonesimulator*]" = YES;
				"INFOPLIST_KEY_UIApplicationSupportsIndirectInputEvents[sdk=iphoneos*]" = YES;
				"INFOPLIST_KEY_UIApplicationSupportsIndirectInputEvents[sdk=iphonesimulator*]" = YES;
				"INFOPLIST_KEY_UILaunchScreen_Generation[sdk=iphoneos*]" = YES;
				"INFOPLIST_KEY_UILaunchScreen_Generation[sdk=iphonesimulator*]" = YES;
				"INFOPLIST_KEY_UIStatusBarStyle[sdk=iphoneos*]" = UIStatusBarStyleDefault;
				"INFOPLIST_KEY_UIStatusBarStyle[sdk=iphonesimulator*]" = UIStatusBarStyleDefault;
				INFOPLIST_KEY_UISupportedInterfaceOrientations_iPad = "UIInterfaceOrientationPortrait UIInterfaceOrientationPortraitUpsideDown UIInterfaceOrientationLandscapeLeft UIInterfaceOrientationLandscapeRight";
				INFOPLIST_KEY_UISupportedInterfaceOrientations_iPhone = "UIInterfaceOrientationPortrait UIInterfaceOrientationLandscapeLeft UIInterfaceOrientationLandscapeRight";
				IPHONEOS_DEPLOYMENT_TARGET = 17.2;
				LD_RUNPATH_SEARCH_PATHS = "@executable_path/Frameworks";
				"LD_RUNPATH_SEARCH_PATHS[sdk=macosx*]" = "@executable_path/../Frameworks";
				MACOSX_DEPLOYMENT_TARGET = 14.2;
				MARKETING_VERSION = 1.0;
				PRODUCT_BUNDLE_IDENTIFIER = amore.firstswift.FirstSwift;
				PRODUCT_NAME = "$(TARGET_NAME)";
				SDKROOT = auto;
				SUPPORTED_PLATFORMS = "iphoneos iphonesimulator macosx";
				SWIFT_EMIT_LOC_STRINGS = YES;
				SWIFT_VERSION = 5.0;
				TARGETED_DEVICE_FAMILY = "1,2";
			};
			name = Debug;
		};
		22C70A802B55A72900495F4F /* Release */ = {
			isa = XCBuildConfiguration;
			buildSettings = {
				ASSETCATALOG_COMPILER_APPICON_NAME = AppIcon;
				ASSETCATALOG_COMPILER_GLOBAL_ACCENT_COLOR_NAME = AccentColor;
				CODE_SIGN_ENTITLEMENTS = FirstSwift/FirstSwift.entitlements;
				CODE_SIGN_STYLE = Automatic;
				CURRENT_PROJECT_VERSION = 1;
				DEVELOPMENT_ASSET_PATHS = "\"FirstSwift/Preview Content\"";
				ENABLE_PREVIEWS = YES;
				GENERATE_INFOPLIST_FILE = YES;
				"INFOPLIST_KEY_UIApplicationSceneManifest_Generation[sdk=iphoneos*]" = YES;
				"INFOPLIST_KEY_UIApplicationSceneManifest_Generation[sdk=iphonesimulator*]" = YES;
				"INFOPLIST_KEY_UIApplicationSupportsIndirectInputEvents[sdk=iphoneos*]" = YES;
				"INFOPLIST_KEY_UIApplicationSupportsIndirectInputEvents[sdk=iphonesimulator*]" = YES;
				"INFOPLIST_KEY_UILaunchScreen_Generation[sdk=iphoneos*]" = YES;
				"INFOPLIST_KEY_UILaunchScreen_Generation[sdk=iphonesimulator*]" = YES;
				"INFOPLIST_KEY_UIStatusBarStyle[sdk=iphoneos*]" = UIStatusBarStyleDefault;
				"INFOPLIST_KEY_UIStatusBarStyle[sdk=iphonesimulator*]" = UIStatusBarStyleDefault;
				INFOPLIST_KEY_UISupportedInterfaceOrientations_iPad = "UIInterfaceOrientationPortrait UIInterfaceOrientationPortraitUpsideDown UIInterfaceOrientationLandscapeLeft UIInterfaceOrientationLandscapeRight";
				INFOPLIST_KEY_UISupportedInterfaceOrientations_iPhone = "UIInterfaceOrientationPortrait UIInterfaceOrientationLandscapeLeft UIInterfaceOrientationLandscapeRight";
				IPHONEOS_DEPLOYMENT_TARGET = 17.2;
				LD_RUNPATH_SEARCH_PATHS = "@executable_path/Frameworks";
				"LD_RUNPATH_SEARCH_PATHS[sdk=macosx*]" = "@executable_path/../Frameworks";
				MACOSX_DEPLOYMENT_TARGET = 14.2;
				MARKETING_VERSION = 1.0;
				PRODUCT_BUNDLE_IDENTIFIER = amore.firstswift.FirstSwift;
				PRODUCT_NAME = "$(TARGET_NAME)";
				SDKROOT = auto;
				SUPPORTED_PLATFORMS = "iphoneos iphonesimulator macosx";
				SWIFT_EMIT_LOC_STRINGS = YES;
				SWIFT_VERSION = 5.0;
				TARGETED_DEVICE_FAMILY = "1,2";
			};
			name = Release;
		};
		22C70A822B55A72900495F4F /* Debug */ = {
			isa = XCBuildConfiguration;
			buildSettings = {
				ALWAYS_EMBED_SWIFT_STANDARD_LIBRARIES = YES;
				BUNDLE_LOADER = "$(TEST_HOST)";
				CODE_SIGN_STYLE = Automatic;
				CURRENT_PROJECT_VERSION = 1;
				GENERATE_INFOPLIST_FILE = YES;
				IPHONEOS_DEPLOYMENT_TARGET = 17.2;
				MACOSX_DEPLOYMENT_TARGET = 14.2;
				MARKETING_VERSION = 1.0;
				PRODUCT_BUNDLE_IDENTIFIER = amore.firstswift.FirstSwiftTests;
				PRODUCT_NAME = "$(TARGET_NAME)";
				SDKROOT = auto;
				SUPPORTED_PLATFORMS = "iphoneos iphonesimulator macosx";
				SWIFT_EMIT_LOC_STRINGS = NO;
				SWIFT_VERSION = 5.0;
				TARGETED_DEVICE_FAMILY = "1,2";
				TEST_HOST = "$(BUILT_PRODUCTS_DIR)/FirstSwift.app/$(BUNDLE_EXECUTABLE_FOLDER_PATH)/FirstSwift";
			};
			name = Debug;
		};
		22C70A832B55A72900495F4F /* Release */ = {
			isa = XCBuildConfiguration;
			buildSettings = {
				ALWAYS_EMBED_SWIFT_STANDARD_LIBRARIES = YES;
				BUNDLE_LOADER = "$(TEST_HOST)";
				CODE_SIGN_STYLE = Automatic;
				CURRENT_PROJECT_VERSION = 1;
				GENERATE_INFOPLIST_FILE = YES;
				IPHONEOS_DEPLOYMENT_TARGET = 17.2;
				MACOSX_DEPLOYMENT_TARGET = 14.2;
				MARKETING_VERSION = 1.0;
				PRODUCT_BUNDLE_IDENTIFIER = amore.firstswift.FirstSwiftTests;
				PRODUCT_NAME = "$(TARGET_NAME)";
				SDKROOT = auto;
				SUPPORTED_PLATFORMS = "iphoneos iphonesimulator macosx";
				SWIFT_EMIT_LOC_STRINGS = NO;
				SWIFT_VERSION = 5.0;
				TARGETED_DEVICE_FAMILY = "1,2";
				TEST_HOST = "$(BUILT_PRODUCTS_DIR)/FirstSwift.app/$(BUNDLE_EXECUTABLE_FOLDER_PATH)/FirstSwift";
			};
			name = Release;
		};
		22C70A852B55A72900495F4F /* Debug */ = {
			isa = XCBuildConfiguration;
			buildSettings = {
				ALWAYS_EMBED_SWIFT_STANDARD_LIBRARIES = YES;
				CODE_SIGN_STYLE = Automatic;
				CURRENT_PROJECT_VERSION = 1;
				GENERATE_INFOPLIST_FILE = YES;
				IPHONEOS_DEPLOYMENT_TARGET = 17.2;
				MACOSX_DEPLOYMENT_TARGET = 14.2;
				MARKETING_VERSION = 1.0;
				PRODUCT_BUNDLE_IDENTIFIER = amore.firstswift.FirstSwiftUITests;
				PRODUCT_NAME = "$(TARGET_NAME)";
				SDKROOT = auto;
				SUPPORTED_PLATFORMS = "iphoneos iphonesimulator macosx";
				SWIFT_EMIT_LOC_STRINGS = NO;
				SWIFT_VERSION = 5.0;
				TARGETED_DEVICE_FAMILY = "1,2";
				TEST_TARGET_NAME = FirstSwift;
			};
			name = Debug;
		};
		22C70A862B55A72900495F4F /* Release */ = {
			isa = XCBuildConfiguration;
			buildSettings = {
				ALWAYS_EMBED_SWIFT_STANDARD_LIBRARIES = YES;
				CODE_SIGN_STYLE = Automatic;
				CURRENT_PROJECT_VERSION = 1;
				GENERATE_INFOPLIST_FILE = YES;
				IPHONEOS_DEPLOYMENT_TARGET = 17.2;
				MACOSX_DEPLOYMENT_TARGET = 14.2;
				MARKETING_VERSION = 1.0;
				PRODUCT_BUNDLE_IDENTIFIER = amore.firstswift.FirstSwiftUITests;
				PRODUCT_NAME = "$(TARGET_NAME)";
				SDKROOT = auto;
				SUPPORTED_PLATFORMS = "iphoneos iphonesimulator macosx";
				SWIFT_EMIT_LOC_STRINGS = NO;
				SWIFT_VERSION = 5.0;
				TARGETED_DEVICE_FAMILY = "1,2";
				TEST_TARGET_NAME = FirstSwift;
			};
			name = Release;
		};
/* End XCBuildConfiguration section */

/* Begin XCConfigurationList section */
		22C70A542B55A72800495F4F /* Build configuration list for PBXProject "FirstSwift" */ = {
			isa = XCConfigurationList;
			buildConfigurations = (
				22C70A7C2B55A72900495F4F /* Debug */,
				22C70A7D2B55A72900495F4F /* Release */,
			);
			defaultConfigurationIsVisible = 0;
			defaultConfigurationName = Release;
		};
		22C70A7E2B55A72900495F4F /* Build configuration list for PBXNativeTarget "FirstSwift" */ = {
			isa = XCConfigurationList;
			buildConfigurations = (
				22C70A7F2B55A72900495F4F /* Debug */,
				22C70A802B55A72900495F4F /* Release */,
			);
			defaultConfigurationIsVisible = 0;
			defaultConfigurationName = Release;
		};
		22C70A812B55A72900495F4F /* Build configuration list for PBXNativeTarget "FirstSwiftTests" */ = {
			isa = XCConfigurationList;
			buildConfigurations = (
				22C70A822B55A72900495F4F /* Debug */,
				22C70A832B55A72900495F4F /* Release */,
			);
			defaultConfigurationIsVisible = 0;
			defaultConfigurationName = Release;
		};
		22C70A842B55A72900495F4F /* Build configuration list for PBXNativeTarget "FirstSwiftUITests" */ = {
			isa = XCConfigurationList;
			buildConfigurations = (
				22C70A852B55A72900495F4F /* Debug */,
				22C70A862B55A72900495F4F /* Release */,
			);
			defaultConfigurationIsVisible = 0;
			defaultConfigurationName = Release;
		};
/* End XCConfigurationList section */
	};
	rootObject = 22C70A512B55A72800495F4F /* Project object */;
}
